{
    "_readme": [
        "This file locks the dependencies of your project to a known state",
        "Read more about it at http://getcomposer.org/doc/01-basic-usage.md#composer-lock-the-lock-file"
    ],
    "hash": "82f0c4718181de1b39db209f7515be72",
    "packages": [

    ],
    "packages-dev": [
        {
            "name": "phake/phake",
            "version": "v1.0.5",
            "source": {
                "type": "git",
                "url": "https://github.com/mlively/Phake.git",
                "reference": "14e4788698e4a21774220c22f3dcaa2e97648b61"
            },
            "dist": {
                "type": "zip",
                "url": "https://api.github.com/repos/mlively/Phake/zipball/14e4788698e4a21774220c22f3dcaa2e97648b61",
                "reference": "14e4788698e4a21774220c22f3dcaa2e97648b61",
                "shasum": ""
            },
            "require": {
                "php": ">=5.2.0"
            },
            "require-dev": {
                "doctrine/common": "2.3.*",
                "ext-soap": "*",
                "hamcrest/hamcrest-php": "1.1.*",
                "phpunit/phpunit": "3.7.*"
            },
            "type": "library",
            "autoload": {
                "classmap": [
                    "src"
                ]
            },
            "notification-url": "https://packagist.org/downloads/",
            "include-path": [
                "src"
            ],
            "license": [
                "BSD"
            ],
            "authors": [
                {
                    "name": "Mike Lively",
                    "email": "m@digitalsandwich.com"
                }
            ],
            "description": "The Phake mock testing library",
            "homepage": "https://github.com/mlively/Phake",
            "keywords": [
                "mock",
                "testing"
            ],
            "time": "2014-04-16 14:49:56"
        }
    ],
    "aliases": [

    ],
    "minimum-stability": "stable",
    "stability-flags": {
        "phake/phake": 0
    },
    "platform": [

    ],
    "platform-dev": [

    ]
}
